
Microsoft Visual Studio Solution File, Format Version 12.00
# Visual Studio Version 17
VisualStudioVersion = 17.0.32112.339
MinimumVisualStudioVersion = 10.0.40219.1
Project("{9A19103F-16F7-4668-BE54-9A1E7A4F7556}") = "Result", "Result\Result.csproj", "{5EAE940A-F4E8-4E06-B58C-1A426C8CDFFD}"
EndProject
Project("{FAE04EC0-301F-11D3-BF4B-00C04F79EFBC}") = "TestsResultType", "Tests\TestsResultType\TestsResultType.csproj", "{5590AAE4-9E95-48DE-A2DF-76269C593A6D}"
EndProject
Global
	GlobalSection(SolutionConfigurationPlatforms) = preSolution
		Debug|Any CPU = Debug|Any CPU
		Release|Any CPU = Release|Any CPU
	EndGlobalSection
	GlobalSection(ProjectConfigurationPlatforms) = postSolution
		{5EAE940A-F4E8-4E06-B58C-1A426C8CDFFD}.Debug|Any CPU.ActiveCfg = Debug|Any CPU
		{5EAE940A-F4E8-4E06-B58C-1A426C8CDFFD}.Debug|Any CPU.Build.0 = Debug|Any CPU
		{5EAE940A-F4E8-4E06-B58C-1A426C8CDFFD}.Release|Any CPU.ActiveCfg = Release|Any CPU
		{5EAE940A-F4E8-4E06-B58C-1A426C8CDFFD}.Release|Any CPU.Build.0 = Release|Any CPU
		{5590AAE4-9E95-48DE-A2DF-76269C593A6D}.Debug|Any CPU.ActiveCfg = Debug|Any CPU
		{5590AAE4-9E95-48DE-A2DF-76269C593A6D}.Debug|Any CPU.Build.0 = Debug|Any CPU
		{5590AAE4-9E95-48DE-A2DF-76269C593A6D}.Release|Any CPU.ActiveCfg = Release|Any CPU
		{5590AAE4-9E95-48DE-A2DF-76269C593A6D}.Release|Any CPU.Build.0 = Release|Any CPU
	EndGlobalSection
	GlobalSection(SolutionProperties) = preSolution
		HideSolutionNode = FALSE
	EndGlobalSection
	GlobalSection(ExtensibilityGlobals) = postSolution
		SolutionGuid = {834EB195-7CB0-483B-9DF2-E559C01C3326}
	EndGlobalSection
EndGlobal
